
Microsoft Visual Studio Solution File, Format Version 12.00
# Visual Studio Version 17
VisualStudioVersion = 17.11.35222.181
MinimumVisualStudioVersion = 10.0.40219.1
Project("{9A19103F-16F7-4668-BE54-9A1E7A4F7556}") = "ConnectionConfig", "ConnectionConfig\ConnectionConfig.csproj", "{FB720BA3-E930-4630-84F1-B55D930A4E28}"
EndProject
Project("{9A19103F-16F7-4668-BE54-9A1E7A4F7556}") = "BaseData", "BaseData\BaseData.csproj", "{900DFFDD-4652-499D-AB4E-385929F2357B}"
EndProject
Project("{2150E333-8FDC-42A3-9474-1A3956D46DE8}") = "Models", "Models", "{85F63155-35E8-4903-8E80-600A02701C2D}"
EndProject
Project("{2150E333-8FDC-42A3-9474-1A3956D46DE8}") = "Views", "Views", "{99816232-78B5-41F5-BF61-979255A7C2DD}"
EndProject
Project("{9A19103F-16F7-4668-BE54-9A1E7A4F7556}") = "BaseView", "BaseView\BaseView.csproj", "{B8A2AC44-BAAF-40A9-8886-40AD851AF5DC}"
EndProject
Global
	GlobalSection(SolutionConfigurationPlatforms) = preSolution
		Debug|Any CPU = Debug|Any CPU
		Release|Any CPU = Release|Any CPU
	EndGlobalSection
	GlobalSection(ProjectConfigurationPlatforms) = postSolution
		{FB720BA3-E930-4630-84F1-B55D930A4E28}.Debug|Any CPU.ActiveCfg = Debug|Any CPU
		{FB720BA3-E930-4630-84F1-B55D930A4E28}.Debug|Any CPU.Build.0 = Debug|Any CPU
		{FB720BA3-E930-4630-84F1-B55D930A4E28}.Release|Any CPU.ActiveCfg = Release|Any CPU
		{FB720BA3-E930-4630-84F1-B55D930A4E28}.Release|Any CPU.Build.0 = Release|Any CPU
		{900DFFDD-4652-499D-AB4E-385929F2357B}.Debug|Any CPU.ActiveCfg = Debug|Any CPU
		{900DFFDD-4652-499D-AB4E-385929F2357B}.Debug|Any CPU.Build.0 = Debug|Any CPU
		{900DFFDD-4652-499D-AB4E-385929F2357B}.Release|Any CPU.ActiveCfg = Release|Any CPU
		{900DFFDD-4652-499D-AB4E-385929F2357B}.Release|Any CPU.Build.0 = Release|Any CPU
		{B8A2AC44-BAAF-40A9-8886-40AD851AF5DC}.Debug|Any CPU.ActiveCfg = Debug|Any CPU
		{B8A2AC44-BAAF-40A9-8886-40AD851AF5DC}.Debug|Any CPU.Build.0 = Debug|Any CPU
		{B8A2AC44-BAAF-40A9-8886-40AD851AF5DC}.Release|Any CPU.ActiveCfg = Release|Any CPU
		{B8A2AC44-BAAF-40A9-8886-40AD851AF5DC}.Release|Any CPU.Build.0 = Release|Any CPU
	EndGlobalSection
	GlobalSection(SolutionProperties) = preSolution
		HideSolutionNode = FALSE
	EndGlobalSection
	GlobalSection(NestedProjects) = preSolution
		{900DFFDD-4652-499D-AB4E-385929F2357B} = {85F63155-35E8-4903-8E80-600A02701C2D}
		{B8A2AC44-BAAF-40A9-8886-40AD851AF5DC} = {99816232-78B5-41F5-BF61-979255A7C2DD}
	EndGlobalSection
	GlobalSection(ExtensibilityGlobals) = postSolution
		SolutionGuid = {AF28F6AB-96F4-4870-8140-CCA59AEABD8C}
	EndGlobalSection
EndGlobal
