
Microsoft Visual Studio Solution File, Format Version 12.00
# Visual Studio Version 17
VisualStudioVersion = 17.11.35222.181
MinimumVisualStudioVersion = 10.0.40219.1
Project("{9A19103F-16F7-4668-BE54-9A1E7A4F7556}") = "ConnectionConfig", "ConnectionConfig\ConnectionConfig.csproj", "{FB720BA3-E930-4630-84F1-B55D930A4E28}"
EndProject
Project("{9A19103F-16F7-4668-BE54-9A1E7A4F7556}") = "BaseData", "BaseData\BaseData.csproj", "{900DFFDD-4652-499D-AB4E-385929F2357B}"
EndProject
Project("{2150E333-8FDC-42A3-9474-1A3956D46DE8}") = "Models", "Models", "{85F63155-35E8-4903-8E80-600A02701C2D}"
EndProject
Project("{2150E333-8FDC-42A3-9474-1A3956D46DE8}") = "ViewModels", "ViewModels", "{7321D3E9-2703-4016-9754-A7372EC7525B}"
EndProject
Project("{FAE04EC0-301F-11D3-BF4B-00C04F79EFBC}") = "ViewModelBase", "ViewModelBase\ViewModelBase.csproj", "{868C4805-2FC1-4777-A81D-8BFD1161C460}"
EndProject
Project("{2150E333-8FDC-42A3-9474-1A3956D46DE8}") = "Views", "Views", "{99816232-78B5-41F5-BF61-979255A7C2DD}"
EndProject
Project("{FAE04EC0-301F-11D3-BF4B-00C04F79EFBC}") = "BaseView", "BaseView\BaseView.csproj", "{B8A2AC44-BAAF-40A9-8886-40AD851AF5DC}"
EndProject
Project("{FAE04EC0-301F-11D3-BF4B-00C04F79EFBC}") = "BaseViewModel", "ViewModel\BaseViewModel.csproj", "{4E93D7A3-C58B-4E78-9399-40BA7FD2EE73}"
EndProject
Global
	GlobalSection(SolutionConfigurationPlatforms) = preSolution
		Debug|Any CPU = Debug|Any CPU
		Release|Any CPU = Release|Any CPU
	EndGlobalSection
	GlobalSection(ProjectConfigurationPlatforms) = postSolution
		{FB720BA3-E930-4630-84F1-B55D930A4E28}.Debug|Any CPU.ActiveCfg = Debug|Any CPU
		{FB720BA3-E930-4630-84F1-B55D930A4E28}.Debug|Any CPU.Build.0 = Debug|Any CPU
		{FB720BA3-E930-4630-84F1-B55D930A4E28}.Release|Any CPU.ActiveCfg = Release|Any CPU
		{FB720BA3-E930-4630-84F1-B55D930A4E28}.Release|Any CPU.Build.0 = Release|Any CPU
		{900DFFDD-4652-499D-AB4E-385929F2357B}.Debug|Any CPU.ActiveCfg = Debug|Any CPU
		{900DFFDD-4652-499D-AB4E-385929F2357B}.Debug|Any CPU.Build.0 = Debug|Any CPU
		{900DFFDD-4652-499D-AB4E-385929F2357B}.Release|Any CPU.ActiveCfg = Release|Any CPU
		{900DFFDD-4652-499D-AB4E-385929F2357B}.Release|Any CPU.Build.0 = Release|Any CPU
		{868C4805-2FC1-4777-A81D-8BFD1161C460}.Debug|Any CPU.ActiveCfg = Debug|Any CPU
		{868C4805-2FC1-4777-A81D-8BFD1161C460}.Debug|Any CPU.Build.0 = Debug|Any CPU
		{868C4805-2FC1-4777-A81D-8BFD1161C460}.Release|Any CPU.ActiveCfg = Release|Any CPU
		{868C4805-2FC1-4777-A81D-8BFD1161C460}.Release|Any CPU.Build.0 = Release|Any CPU
		{B8A2AC44-BAAF-40A9-8886-40AD851AF5DC}.Debug|Any CPU.ActiveCfg = Debug|Any CPU
		{B8A2AC44-BAAF-40A9-8886-40AD851AF5DC}.Debug|Any CPU.Build.0 = Debug|Any CPU
		{B8A2AC44-BAAF-40A9-8886-40AD851AF5DC}.Release|Any CPU.ActiveCfg = Release|Any CPU
		{B8A2AC44-BAAF-40A9-8886-40AD851AF5DC}.Release|Any CPU.Build.0 = Release|Any CPU
		{4E93D7A3-C58B-4E78-9399-40BA7FD2EE73}.Debug|Any CPU.ActiveCfg = Debug|Any CPU
		{4E93D7A3-C58B-4E78-9399-40BA7FD2EE73}.Debug|Any CPU.Build.0 = Debug|Any CPU
		{4E93D7A3-C58B-4E78-9399-40BA7FD2EE73}.Release|Any CPU.ActiveCfg = Release|Any CPU
		{4E93D7A3-C58B-4E78-9399-40BA7FD2EE73}.Release|Any CPU.Build.0 = Release|Any CPU
	EndGlobalSection
	GlobalSection(SolutionProperties) = preSolution
		HideSolutionNode = FALSE
	EndGlobalSection
	GlobalSection(NestedProjects) = preSolution
		{900DFFDD-4652-499D-AB4E-385929F2357B} = {85F63155-35E8-4903-8E80-600A02701C2D}
		{868C4805-2FC1-4777-A81D-8BFD1161C460} = {7321D3E9-2703-4016-9754-A7372EC7525B}
		{B8A2AC44-BAAF-40A9-8886-40AD851AF5DC} = {99816232-78B5-41F5-BF61-979255A7C2DD}
		{4E93D7A3-C58B-4E78-9399-40BA7FD2EE73} = {7321D3E9-2703-4016-9754-A7372EC7525B}
	EndGlobalSection
	GlobalSection(ExtensibilityGlobals) = postSolution
		SolutionGuid = {AF28F6AB-96F4-4870-8140-CCA59AEABD8C}
	EndGlobalSection
EndGlobal
